
Microsoft Visual Studio Solution File, Format Version 12.00
# Visual Studio Version 16
VisualStudioVersion = 16.0.29326.143
MinimumVisualStudioVersion = 10.0.40219.1
Project("{FAE04EC0-301F-11D3-BF4B-00C04F79EFBC}") = "Patron _Decorator", "Patron _Decorator\Patron _Decorator.csproj", "{CFA3AC85-A39E-4416-827B-72F364454593}"
EndProject
Global
	GlobalSection(SolutionConfigurationPlatforms) = preSolution
		Debug|Any CPU = Debug|Any CPU
		Release|Any CPU = Release|Any CPU
	EndGlobalSection
	GlobalSection(ProjectConfigurationPlatforms) = postSolution
		{CFA3AC85-A39E-4416-827B-72F364454593}.Debug|Any CPU.ActiveCfg = Debug|Any CPU
		{CFA3AC85-A39E-4416-827B-72F364454593}.Debug|Any CPU.Build.0 = Debug|Any CPU
		{CFA3AC85-A39E-4416-827B-72F364454593}.Release|Any CPU.ActiveCfg = Release|Any CPU
		{CFA3AC85-A39E-4416-827B-72F364454593}.Release|Any CPU.Build.0 = Release|Any CPU
	EndGlobalSection
	GlobalSection(SolutionProperties) = preSolution
		HideSolutionNode = FALSE
	EndGlobalSection
	GlobalSection(ExtensibilityGlobals) = postSolution
		SolutionGuid = {ED8D4B6F-B51E-4596-81ED-CBB800B2B1B8}
	EndGlobalSection
EndGlobal
